{
  "requires": true,
  "lockfileVersion": 1,
  "dependencies": {
    "@splidejs/splide": {
      "version": "2.4.21",
      "resolved": "https://registry.npmjs.org/@splidejs/splide/-/splide-2.4.21.tgz",
      "integrity": "sha512-LdIwSnmNsGybCCnA3QG2dOeRv/rQl46jf7FflXxMGX0ADYWyL6UJHWJbMZvHBi5I67uRJY1ga/W+CvJ39nH26A=="
    },
    "@splidejs/splide-extension-video": {
      "version": "0.4.6",
      "resolved": "https://registry.npmjs.org/@splidejs/splide-extension-video/-/splide-extension-video-0.4.6.tgz",
      "integrity": "sha512-UEqxkuYClYDhV+DsX9384wKj6FWwWN3HUvUXcNPVKZiHvh0Zn0t1M2w/hcDRJ3VtCxFhx92Kgzlkf22HqdyF+g==",
      "requires": {
        "@vimeo/player": "^2.10.0"
      }
    },
    "@splidejs/vue-splide": {
      "version": "0.3.5",
      "resolved": "https://registry.npmjs.org/@splidejs/vue-splide/-/vue-splide-0.3.5.tgz",
      "integrity": "sha512-eI4Kl2v+yAGKMVa9MtfIIPPZtplTfKPx4rCJlZqfethl3tCOGQwL9MxSyLk6bUhl31aOuClxmXQv8O5ubU8fNQ==",
      "requires": {
        "@splidejs/splide": "^2.4.13",
        "@splidejs/splide-extension-video": "^0.4.6",
        "vue": "^2.6.12"
      }
    },
    "@vimeo/player": {
      "version": "2.15.3",
      "resolved": "https://registry.npmjs.org/@vimeo/player/-/player-2.15.3.tgz",
      "integrity": "sha512-pLOFTKYL6N3wUKj5WpCF5pNGHov/3MausV9tKWXP6ko7+mq4pvlSJLSHCn1vokN71USSwHFnOaZjcMMjK6R79g==",
      "requires": {
        "native-promise-only": "0.8.1",
        "weakmap-polyfill": "2.0.1"
      }
    },
    "native-promise-only": {
      "version": "0.8.1",
      "resolved": "https://registry.npmjs.org/native-promise-only/-/native-promise-only-0.8.1.tgz",
      "integrity": "sha1-IKMYwwy0X3H+et+/eyHJnBRy7xE="
    },
    "vue": {
      "version": "2.6.14",
      "resolved": "https://registry.npmjs.org/vue/-/vue-2.6.14.tgz",
      "integrity": "sha512-x2284lgYvjOMj3Za7kqzRcUSxBboHqtgRE2zlos1qWaOye5yUmHn42LB1250NJBLRwEcdrB0JRwyPTEPhfQjiQ=="
    },
    "weakmap-polyfill": {
      "version": "2.0.1",
      "resolved": "https://registry.npmjs.org/weakmap-polyfill/-/weakmap-polyfill-2.0.1.tgz",
      "integrity": "sha512-Jy177Lvb1LCrPQDWJsXyyqf4eOhcdvQHFGoCqSv921kVF5i42MVbr4e2WEwetuTLBn1NX0IhPzTmMu0N3cURqQ=="
    }
  }
}
